// !$*UTF8*$!
{
	archiveVersion = 1;
	classes = {
	};
	objectVersion = 46;
	objects = {

/* Begin PBXBuildFile section */
		EC9200B51DCE8B22001620D7 /* tiptopTests.swift in Sources */ = {isa = PBXBuildFile; fileRef = EC9200B41DCE8B22001620D7 /* tiptopTests.swift */; };
		EC9200C01DCE8B22001620D7 /* tiptopUITests.swift in Sources */ = {isa = PBXBuildFile; fileRef = EC9200BF1DCE8B22001620D7 /* tiptopUITests.swift */; };
		EC9200D01DCF9513001620D7 /* SettingsViewController.swift in Sources */ = {isa = PBXBuildFile; fileRef = EC9200CF1DCF9513001620D7 /* SettingsViewController.swift */; };
		EC97A3F31DF64C270099FF01 /* AppDelegate.swift in Sources */ = {isa = PBXBuildFile; fileRef = EC97A3EC1DF64C270099FF01 /* AppDelegate.swift */; };
		EC97A3F41DF64C270099FF01 /* Assets.xcassets in Resources */ = {isa = PBXBuildFile; fileRef = EC97A3ED1DF64C270099FF01 /* Assets.xcassets */; };
		EC97A3F91DF64C270099FF01 /* ViewController.swift in Sources */ = {isa = PBXBuildFile; fileRef = EC97A3F21DF64C270099FF01 /* ViewController.swift */; };
		ECB2293B1DF6538C007D35E7 /* LaunchScreen.storyboard in Resources */ = {isa = PBXBuildFile; fileRef = ECB229391DF6538C007D35E7 /* LaunchScreen.storyboard */; };
		ECB2293E1DF65395007D35E7 /* Main.storyboard in Resources */ = {isa = PBXBuildFile; fileRef = ECB2293C1DF65395007D35E7 /* Main.storyboard */; };
/* End PBXBuildFile section */

/* Begin PBXContainerItemProxy section */
		EC9200B11DCE8B22001620D7 /* PBXContainerItemProxy */ = {
			isa = PBXContainerItemProxy;
			containerPortal = EC9200941DCE8B22001620D7 /* Project object */;
			proxyType = 1;
			remoteGlobalIDString = EC92009B1DCE8B22001620D7;
			remoteInfo = tiptop;
		};
		EC9200BC1DCE8B22001620D7 /* PBXContainerItemProxy */ = {
			isa = PBXContainerItemProxy;
			containerPortal = EC9200941DCE8B22001620D7 /* Project object */;
			proxyType = 1;
			remoteGlobalIDString = EC92009B1DCE8B22001620D7;
			remoteInfo = tiptop;
		};
/* End PBXContainerItemProxy section */

/* Begin PBXFileReference section */
		EC9200B41DCE8B22001620D7 /* tiptopTests.swift */ = {isa = PBXFileReference; lastKnownFileType = sourcecode.swift; lineEnding = 0; path = tiptopTests.swift; sourceTree = "<group>"; xcLanguageSpecificationIdentifier = xcode.lang.swift; };
		EC9200B61DCE8B22001620D7 /* Info.plist */ = {isa = PBXFileReference; lastKnownFileType = text.plist.xml; path = Info.plist; sourceTree = "<group>"; };
		EC9200BF1DCE8B22001620D7 /* tiptopUITests.swift */ = {isa = PBXFileReference; lastKnownFileType = sourcecode.swift; lineEnding = 0; path = tiptopUITests.swift; sourceTree = "<group>"; xcLanguageSpecificationIdentifier = xcode.lang.swift; };
		EC9200C11DCE8B22001620D7 /* Info.plist */ = {isa = PBXFileReference; lastKnownFileType = text.plist.xml; path = Info.plist; sourceTree = "<group>"; };
		EC9200CF1DCF9513001620D7 /* SettingsViewController.swift */ = {isa = PBXFileReference; fileEncoding = 4; lastKnownFileType = sourcecode.swift; path = SettingsViewController.swift; sourceTree = "<group>"; };
		EC97A3EC1DF64C270099FF01 /* AppDelegate.swift */ = {isa = PBXFileReference; fileEncoding = 4; lastKnownFileType = sourcecode.swift; name = AppDelegate.swift; path = /Users/sophia/Developer/tiptop/tiptop/AppDelegate.swift; sourceTree = "<absolute>"; };
		EC97A3ED1DF64C270099FF01 /* Assets.xcassets */ = {isa = PBXFileReference; lastKnownFileType = folder.assetcatalog; name = Assets.xcassets; path = /Users/sophia/Developer/tiptop/tiptop/Assets.xcassets; sourceTree = "<absolute>"; };
		EC97A3EF1DF64C270099FF01 /* Info.plist */ = {isa = PBXFileReference; fileEncoding = 4; lastKnownFileType = text.plist.xml; name = Info.plist; path = /Users/sophia/Developer/tiptop/tiptop/Info.plist; sourceTree = "<absolute>"; };
		EC97A3F21DF64C270099FF01 /* ViewController.swift */ = {isa = PBXFileReference; fileEncoding = 4; lastKnownFileType = sourcecode.swift; lineEnding = 0; name = ViewController.swift; path = /Users/sophia/Developer/tiptop/tiptop/ViewController.swift; sourceTree = "<absolute>"; xcLanguageSpecificationIdentifier = xcode.lang.swift; };
		ECB2293A1DF6538C007D35E7 /* Base */ = {isa = PBXFileReference; lastKnownFileType = file.storyboard; name = Base; path = Base.lproj/LaunchScreen.storyboard; sourceTree = "<group>"; };
		ECB2293D1DF65395007D35E7 /* Base */ = {isa = PBXFileReference; lastKnownFileType = file.storyboard; name = Base; path = Base.lproj/Main.storyboard; sourceTree = "<group>"; };
		ECB2293F1DF6540E007D35E7 /* tiptop.app */ = {isa = PBXFileReference; explicitFileType = wrapper.application; includeInIndex = 0; path = tiptop.app; sourceTree = BUILT_PRODUCTS_DIR; };
		ECB4F33E1DF8D02F00DF44C6 /* tiptopTests.xctest */ = {isa = PBXFileReference; explicitFileType = wrapper.cfbundle; includeInIndex = 0; path = tiptopTests.xctest; sourceTree = BUILT_PRODUCTS_DIR; };
		ECB4F33F1DF8D02F00DF44C6 /* tiptopUITests.xctest */ = {isa = PBXFileReference; explicitFileType = wrapper.cfbundle; includeInIndex = 0; path = tiptopUITests.xctest; sourceTree = BUILT_PRODUCTS_DIR; };
/* End PBXFileReference section */

/* Begin PBXFrameworksBuildPhase section */
		EC9200991DCE8B22001620D7 /* Frameworks */ = {
			isa = PBXFrameworksBuildPhase;
			buildActionMask = 2147483647;
			files = (
			);
			runOnlyForDeploymentPostprocessing = 0;
		};
		EC9200AD1DCE8B22001620D7 /* Frameworks */ = {
			isa = PBXFrameworksBuildPhase;
			buildActionMask = 2147483647;
			files = (
			);
			runOnlyForDeploymentPostprocessing = 0;
		};
		EC9200B81DCE8B22001620D7 /* Frameworks */ = {
			isa = PBXFrameworksBuildPhase;
			buildActionMask = 2147483647;
			files = (
			);
			runOnlyForDeploymentPostprocessing = 0;
		};
/* End PBXFrameworksBuildPhase section */

/* Begin PBXGroup section */
		EC9200931DCE8B22001620D7 = {
			isa = PBXGroup;
			children = (
				EC92009E1DCE8B22001620D7 /* tiptop */,
				EC9200B31DCE8B22001620D7 /* tiptopTests */,
				EC9200BE1DCE8B22001620D7 /* tiptopUITests */,
				ECB4F3401DF8D03A00DF44C6 /* Products */,
			);
			sourceTree = "<group>";
		};
		EC92009E1DCE8B22001620D7 /* tiptop */ = {
			isa = PBXGroup;
			children = (
				EC97A3EC1DF64C270099FF01 /* AppDelegate.swift */,
				EC97A3F21DF64C270099FF01 /* ViewController.swift */,
				EC9200CF1DCF9513001620D7 /* SettingsViewController.swift */,
				ECB2293C1DF65395007D35E7 /* Main.storyboard */,
				ECB229391DF6538C007D35E7 /* LaunchScreen.storyboard */,
				EC97A3EF1DF64C270099FF01 /* Info.plist */,
				EC97A3ED1DF64C270099FF01 /* Assets.xcassets */,
			);
			name = tiptop;
			path = /Users/sophia/Developer/tiptop/tiptop;
			sourceTree = "<absolute>";
		};
		EC9200B31DCE8B22001620D7 /* tiptopTests */ = {
			isa = PBXGroup;
			children = (
				EC9200B41DCE8B22001620D7 /* tiptopTests.swift */,
				EC9200B61DCE8B22001620D7 /* Info.plist */,
			);
			path = tiptopTests;
			sourceTree = "<group>";
		};
		EC9200BE1DCE8B22001620D7 /* tiptopUITests */ = {
			isa = PBXGroup;
			children = (
				EC9200BF1DCE8B22001620D7 /* tiptopUITests.swift */,
				EC9200C11DCE8B22001620D7 /* Info.plist */,
			);
			path = tiptopUITests;
			sourceTree = "<group>";
		};
		ECB4F3401DF8D03A00DF44C6 /* Products */ = {
			isa = PBXGroup;
			children = (
				ECB2293F1DF6540E007D35E7 /* tiptop.app */,
				ECB4F33E1DF8D02F00DF44C6 /* tiptopTests.xctest */,
				ECB4F33F1DF8D02F00DF44C6 /* tiptopUITests.xctest */,
			);
			name = Products;
			sourceTree = "<group>";
		};
/* End PBXGroup section */

/* Begin PBXNativeTarget section */
		EC92009B1DCE8B22001620D7 /* tiptop */ = {
			isa = PBXNativeTarget;
			buildConfigurationList = EC9200C41DCE8B22001620D7 /* Build configuration list for PBXNativeTarget "tiptop" */;
			buildPhases = (
				EC9200981DCE8B22001620D7 /* Sources */,
				EC9200991DCE8B22001620D7 /* Frameworks */,
				EC92009A1DCE8B22001620D7 /* Resources */,
			);
			buildRules = (
			);
			dependencies = (
			);
			name = tiptop;
			productName = tiptop;
			productReference = ECB2293F1DF6540E007D35E7 /* tiptop.app */;
			productType = "com.apple.product-type.application";
		};
		EC9200AF1DCE8B22001620D7 /* tiptopTests */ = {
			isa = PBXNativeTarget;
			buildConfigurationList = EC9200C71DCE8B22001620D7 /* Build configuration list for PBXNativeTarget "tiptopTests" */;
			buildPhases = (
				EC9200AC1DCE8B22001620D7 /* Sources */,
				EC9200AD1DCE8B22001620D7 /* Frameworks */,
				EC9200AE1DCE8B22001620D7 /* Resources */,
			);
			buildRules = (
			);
			dependencies = (
				EC9200B21DCE8B22001620D7 /* PBXTargetDependency */,
			);
			name = tiptopTests;
			productName = tiptopTests;
			productReference = ECB4F33E1DF8D02F00DF44C6 /* tiptopTests.xctest */;
			productType = "com.apple.product-type.bundle.unit-test";
		};
		EC9200BA1DCE8B22001620D7 /* tiptopUITests */ = {
			isa = PBXNativeTarget;
			buildConfigurationList = EC9200CA1DCE8B22001620D7 /* Build configuration list for PBXNativeTarget "tiptopUITests" */;
			buildPhases = (
				EC9200B71DCE8B22001620D7 /* Sources */,
				EC9200B81DCE8B22001620D7 /* Frameworks */,
				EC9200B91DCE8B22001620D7 /* Resources */,
			);
			buildRules = (
			);
			dependencies = (
				EC9200BD1DCE8B22001620D7 /* PBXTargetDependency */,
			);
			name = tiptopUITests;
			productName = tiptopUITests;
			productReference = ECB4F33F1DF8D02F00DF44C6 /* tiptopUITests.xctest */;
			productType = "com.apple.product-type.bundle.ui-testing";
		};
/* End PBXNativeTarget section */

/* Begin PBXProject section */
		EC9200941DCE8B22001620D7 /* Project object */ = {
			isa = PBXProject;
			attributes = {
				LastSwiftUpdateCheck = 0800;
				LastUpgradeCheck = 0810;
				TargetAttributes = {
					EC92009B1DCE8B22001620D7 = {
						CreatedOnToolsVersion = 8.0;
						DevelopmentTeam = 45VBDAASVW;
						ProvisioningStyle = Automatic;
					};
					EC9200AF1DCE8B22001620D7 = {
						CreatedOnToolsVersion = 8.0;
						DevelopmentTeam = 45VBDAASVW;
						ProvisioningStyle = Automatic;
						TestTargetID = EC92009B1DCE8B22001620D7;
					};
					EC9200BA1DCE8B22001620D7 = {
						CreatedOnToolsVersion = 8.0;
						DevelopmentTeam = 45VBDAASVW;
						ProvisioningStyle = Automatic;
						TestTargetID = EC92009B1DCE8B22001620D7;
					};
				};
			};
			buildConfigurationList = EC9200971DCE8B22001620D7 /* Build configuration list for PBXProject "tiptop" */;
			compatibilityVersion = "Xcode 3.2";
			developmentRegion = English;
			hasScannedForEncodings = 0;
			knownRegions = (
				en,
				Base,
			);
			mainGroup = EC9200931DCE8B22001620D7;
			productRefGroup = EC9200931DCE8B22001620D7;
			projectDirPath = "";
			projectRoot = "";
			targets = (
				EC92009B1DCE8B22001620D7 /* tiptop */,
				EC9200AF1DCE8B22001620D7 /* tiptopTests */,
				EC9200BA1DCE8B22001620D7 /* tiptopUITests */,
			);
		};
/* End PBXProject section */

/* Begin PBXResourcesBuildPhase section */
		EC92009A1DCE8B22001620D7 /* Resources */ = {
			isa = PBXResourcesBuildPhase;
			buildActionMask = 2147483647;
			files = (
				ECB2293E1DF65395007D35E7 /* Main.storyboard in Resources */,
				ECB2293B1DF6538C007D35E7 /* LaunchScreen.storyboard in Resources */,
				EC97A3F41DF64C270099FF01 /* Assets.xcassets in Resources */,
			);
			runOnlyForDeploymentPostprocessing = 0;
		};
		EC9200AE1DCE8B22001620D7 /* Resources */ = {
			isa = PBXResourcesBuildPhase;
			buildActionMask = 2147483647;
			files = (
			);
			runOnlyForDeploymentPostprocessing = 0;
		};
		EC9200B91DCE8B22001620D7 /* Resources */ = {
			isa = PBXResourcesBuildPhase;
			buildActionMask = 2147483647;
			files = (
			);
			runOnlyForDeploymentPostprocessing = 0;
		};
/* End PBXResourcesBuildPhase section */

/* Begin PBXSourcesBuildPhase section */
		EC9200981DCE8B22001620D7 /* Sources */ = {
			isa = PBXSourcesBuildPhase;
			buildActionMask = 2147483647;
			files = (
				EC97A3F91DF64C270099FF01 /* ViewController.swift in Sources */,
				EC97A3F31DF64C270099FF01 /* AppDelegate.swift in Sources */,
				EC9200D01DCF9513001620D7 /* SettingsViewController.swift in Sources */,
			);
			runOnlyForDeploymentPostprocessing = 0;
		};
		EC9200AC1DCE8B22001620D7 /* Sources */ = {
			isa = PBXSourcesBuildPhase;
			buildActionMask = 2147483647;
			files = (
				EC9200B51DCE8B22001620D7 /* tiptopTests.swift in Sources */,
			);
			runOnlyForDeploymentPostprocessing = 0;
		};
		EC9200B71DCE8B22001620D7 /* Sources */ = {
			isa = PBXSourcesBuildPhase;
			buildActionMask = 2147483647;
			files = (
				EC9200C01DCE8B22001620D7 /* tiptopUITests.swift in Sources */,
			);
			runOnlyForDeploymentPostprocessing = 0;
		};
/* End PBXSourcesBuildPhase section */

/* Begin PBXTargetDependency section */
		EC9200B21DCE8B22001620D7 /* PBXTargetDependency */ = {
			isa = PBXTargetDependency;
			target = EC92009B1DCE8B22001620D7 /* tiptop */;
			targetProxy = EC9200B11DCE8B22001620D7 /* PBXContainerItemProxy */;
		};
		EC9200BD1DCE8B22001620D7 /* PBXTargetDependency */ = {
			isa = PBXTargetDependency;
			target = EC92009B1DCE8B22001620D7 /* tiptop */;
			targetProxy = EC9200BC1DCE8B22001620D7 /* PBXContainerItemProxy */;
		};
/* End PBXTargetDependency section */

/* Begin PBXVariantGroup section */
		ECB229391DF6538C007D35E7 /* LaunchScreen.storyboard */ = {
			isa = PBXVariantGroup;
			children = (
				ECB2293A1DF6538C007D35E7 /* Base */,
			);
			name = LaunchScreen.storyboard;
			sourceTree = "<group>";
		};
		ECB2293C1DF65395007D35E7 /* Main.storyboard */ = {
			isa = PBXVariantGroup;
			children = (
				ECB2293D1DF65395007D35E7 /* Base */,
			);
			name = Main.storyboard;
			path = /Users/sophia/Developer/tiptop/tiptop;
			sourceTree = "<absolute>";
		};
/* End PBXVariantGroup section */

/* Begin XCBuildConfiguration section */
		EC9200C21DCE8B22001620D7 /* Debug */ = {
			isa = XCBuildConfiguration;
			buildSettings = {
				ALWAYS_SEARCH_USER_PATHS = NO;
				CLANG_ANALYZER_NONNULL = YES;
				CLANG_CXX_LANGUAGE_STANDARD = "gnu++0x";
				CLANG_CXX_LIBRARY = "libc++";
				CLANG_ENABLE_MODULES = YES;
				CLANG_ENABLE_OBJC_ARC = YES;
				CLANG_WARN_BOOL_CONVERSION = YES;
				CLANG_WARN_CONSTANT_CONVERSION = YES;
				CLANG_WARN_DIRECT_OBJC_ISA_USAGE = YES_ERROR;
				CLANG_WARN_DOCUMENTATION_COMMENTS = YES;
				CLANG_WARN_EMPTY_BODY = YES;
				CLANG_WARN_ENUM_CONVERSION = YES;
				CLANG_WARN_INFINITE_RECURSION = YES;
				CLANG_WARN_INT_CONVERSION = YES;
				CLANG_WARN_OBJC_ROOT_CLASS = YES_ERROR;
				CLANG_WARN_SUSPICIOUS_MOVE = YES;
				CLANG_WARN_SUSPICIOUS_MOVES = YES;
				CLANG_WARN_UNREACHABLE_CODE = YES;
				CLANG_WARN__DUPLICATE_METHOD_MATCH = YES;
				"CODE_SIGN_IDENTITY[sdk=iphoneos*]" = "iPhone Developer";
				COPY_PHASE_STRIP = NO;
				DEBUG_INFORMATION_FORMAT = dwarf;
				ENABLE_STRICT_OBJC_MSGSEND = YES;
				ENABLE_TESTABILITY = YES;
				GCC_C_LANGUAGE_STANDARD = gnu99;
				GCC_DYNAMIC_NO_PIC = NO;
				GCC_NO_COMMON_BLOCKS = YES;
				GCC_OPTIMIZATION_LEVEL = 0;
				GCC_PREPROCESSOR_DEFINITIONS = (
					"DEBUG=1",
					"$(inherited)",
				);
				GCC_WARN_64_TO_32_BIT_CONVERSION = YES;
				GCC_WARN_ABOUT_RETURN_TYPE = YES_ERROR;
				GCC_WARN_UNDECLARED_SELECTOR = YES;
				GCC_WARN_UNINITIALIZED_AUTOS = YES_AGGRESSIVE;
				GCC_WARN_UNUSED_FUNCTION = YES;
				GCC_WARN_UNUSED_VARIABLE = YES;
				IPHONEOS_DEPLOYMENT_TARGET = 10.0;
				MTL_ENABLE_DEBUG_INFO = YES;
				ONLY_ACTIVE_ARCH = YES;
				SDKROOT = iphoneos;
				SWIFT_ACTIVE_COMPILATION_CONDITIONS = DEBUG;
				SWIFT_OPTIMIZATION_LEVEL = "-Onone";
			};
			name = Debug;
		};
		EC9200C31DCE8B22001620D7 /* Release */ = {
			isa = XCBuildConfiguration;
			buildSettings = {
				ALWAYS_SEARCH_USER_PATHS = NO;
				CLANG_ANALYZER_NONNULL = YES;
				CLANG_CXX_LANGUAGE_STANDARD = "gnu++0x";
				CLANG_CXX_LIBRARY = "libc++";
				CLANG_ENABLE_MODULES = YES;
				CLANG_ENABLE_OBJC_ARC = YES;
				CLANG_WARN_BOOL_CONVERSION = YES;
				CLANG_WARN_CONSTANT_CONVERSION = YES;
				CLANG_WARN_DIRECT_OBJC_ISA_USAGE = YES_ERROR;
				CLANG_WARN_DOCUMENTATION_COMMENTS = YES;
				CLANG_WARN_EMPTY_BODY = YES;
				CLANG_WARN_ENUM_CONVERSION = YES;
				CLANG_WARN_INFINITE_RECURSION = YES;
				CLANG_WARN_INT_CONVERSION = YES;
				CLANG_WARN_OBJC_ROOT_CLASS = YES_ERROR;
				CLANG_WARN_SUSPICIOUS_MOVE = YES;
				CLANG_WARN_SUSPICIOUS_MOVES = YES;
				CLANG_WARN_UNREACHABLE_CODE = YES;
				CLANG_WARN__DUPLICATE_METHOD_MATCH = YES;
				"CODE_SIGN_IDENTITY[sdk=iphoneos*]" = "iPhone Developer";
				COPY_PHASE_STRIP = NO;
				DEBUG_INFORMATION_FORMAT = "dwarf-with-dsym";
				ENABLE_NS_ASSERTIONS = NO;
				ENABLE_STRICT_OBJC_MSGSEND = YES;
				GCC_C_LANGUAGE_STANDARD = gnu99;
				GCC_NO_COMMON_BLOCKS = YES;
				GCC_WARN_64_TO_32_BIT_CONVERSION = YES;
				GCC_WARN_ABOUT_RETURN_TYPE = YES_ERROR;
				GCC_WARN_UNDECLARED_SELECTOR = YES;
				GCC_WARN_UNINITIALIZED_AUTOS = YES_AGGRESSIVE;
				GCC_WARN_UNUSED_FUNCTION = YES;
				GCC_WARN_UNUSED_VARIABLE = YES;
				IPHONEOS_DEPLOYMENT_TARGET = 10.0;
				MTL_ENABLE_DEBUG_INFO = NO;
				SDKROOT = iphoneos;
				SWIFT_OPTIMIZATION_LEVEL = "-Owholemodule";
				VALIDATE_PRODUCT = YES;
			};
			name = Release;
		};
		EC9200C51DCE8B22001620D7 /* Debug */ = {
			isa = XCBuildConfiguration;
			buildSettings = {
				ASSETCATALOG_COMPILER_APPICON_NAME = AppIcon;
				DEVELOPMENT_TEAM = 45VBDAASVW;
				INFOPLIST_FILE = tiptop/Info.plist;
				LD_RUNPATH_SEARCH_PATHS = "$(inherited) @executable_path/Frameworks";
				PRODUCT_BUNDLE_IDENTIFIER = com.codepath.tiptop.tiptop;
				PRODUCT_NAME = tiptop;
				SWIFT_VERSION = 3.0;
			};
			name = Debug;
		};
		EC9200C61DCE8B22001620D7 /* Release */ = {
			isa = XCBuildConfiguration;
			buildSettings = {
				ASSETCATALOG_COMPILER_APPICON_NAME = AppIcon;
				DEVELOPMENT_TEAM = 45VBDAASVW;
				INFOPLIST_FILE = tiptop/Info.plist;
				LD_RUNPATH_SEARCH_PATHS = "$(inherited) @executable_path/Frameworks";
				PRODUCT_BUNDLE_IDENTIFIER = com.codepath.tiptop.tiptop;
				PRODUCT_NAME = tiptop;
				SWIFT_VERSION = 3.0;
			};
			name = Release;
		};
		EC9200C81DCE8B22001620D7 /* Debug */ = {
			isa = XCBuildConfiguration;
			buildSettings = {
				ALWAYS_EMBED_SWIFT_STANDARD_LIBRARIES = YES;
				BUNDLE_LOADER = "$(TEST_HOST)";
				DEVELOPMENT_TEAM = 45VBDAASVW;
				INFOPLIST_FILE = tiptopTests/Info.plist;
				LD_RUNPATH_SEARCH_PATHS = "$(inherited) @executable_path/Frameworks @loader_path/Frameworks";
				PRODUCT_BUNDLE_IDENTIFIER = com.codepath.tiptop.tiptopTests;
				PRODUCT_NAME = tiptopTests;
				SWIFT_VERSION = 3.0;
				TEST_HOST = "$(BUILT_PRODUCTS_DIR)/tiptop.app/tiptop";
			};
			name = Debug;
		};
		EC9200C91DCE8B22001620D7 /* Release */ = {
			isa = XCBuildConfiguration;
			buildSettings = {
				ALWAYS_EMBED_SWIFT_STANDARD_LIBRARIES = YES;
				BUNDLE_LOADER = "$(TEST_HOST)";
				DEVELOPMENT_TEAM = 45VBDAASVW;
				INFOPLIST_FILE = tiptopTests/Info.plist;
				LD_RUNPATH_SEARCH_PATHS = "$(inherited) @executable_path/Frameworks @loader_path/Frameworks";
				PRODUCT_BUNDLE_IDENTIFIER = com.codepath.tiptop.tiptopTests;
				PRODUCT_NAME = tiptopTests;
				SWIFT_VERSION = 3.0;
				TEST_HOST = "$(BUILT_PRODUCTS_DIR)/tiptop.app/tiptop";
			};
			name = Release;
		};
		EC9200CB1DCE8B22001620D7 /* Debug */ = {
			isa = XCBuildConfiguration;
			buildSettings = {
				ALWAYS_EMBED_SWIFT_STANDARD_LIBRARIES = YES;
				DEVELOPMENT_TEAM = 45VBDAASVW;
				INFOPLIST_FILE = tiptopUITests/Info.plist;
				LD_RUNPATH_SEARCH_PATHS = "$(inherited) @executable_path/Frameworks @loader_path/Frameworks";
				PRODUCT_BUNDLE_IDENTIFIER = com.codepath.tiptop.tiptopUITests;
				PRODUCT_NAME = tiptopUITests;
				SWIFT_VERSION = 3.0;
				TEST_TARGET_NAME = tiptop;
			};
			name = Debug;
		};
		EC9200CC1DCE8B22001620D7 /* Release */ = {
			isa = XCBuildConfiguration;
			buildSettings = {
				ALWAYS_EMBED_SWIFT_STANDARD_LIBRARIES = YES;
				DEVELOPMENT_TEAM = 45VBDAASVW;
				INFOPLIST_FILE = tiptopUITests/Info.plist;
				LD_RUNPATH_SEARCH_PATHS = "$(inherited) @executable_path/Frameworks @loader_path/Frameworks";
				PRODUCT_BUNDLE_IDENTIFIER = com.codepath.tiptop.tiptopUITests;
				PRODUCT_NAME = tiptopUITests;
				SWIFT_VERSION = 3.0;
				TEST_TARGET_NAME = tiptop;
			};
			name = Release;
		};
/* End XCBuildConfiguration section */

/* Begin XCConfigurationList section */
		EC9200971DCE8B22001620D7 /* Build configuration list for PBXProject "tiptop" */ = {
			isa = XCConfigurationList;
			buildConfigurations = (
				EC9200C21DCE8B22001620D7 /* Debug */,
				EC9200C31DCE8B22001620D7 /* Release */,
			);
			defaultConfigurationIsVisible = 0;
			defaultConfigurationName = Release;
		};
		EC9200C41DCE8B22001620D7 /* Build configuration list for PBXNativeTarget "tiptop" */ = {
			isa = XCConfigurationList;
			buildConfigurations = (
				EC9200C51DCE8B22001620D7 /* Debug */,
				EC9200C61DCE8B22001620D7 /* Release */,
			);
			defaultConfigurationIsVisible = 0;
			defaultConfigurationName = Release;
		};
		EC9200C71DCE8B22001620D7 /* Build configuration list for PBXNativeTarget "tiptopTests" */ = {
			isa = XCConfigurationList;
			buildConfigurations = (
				EC9200C81DCE8B22001620D7 /* Debug */,
				EC9200C91DCE8B22001620D7 /* Release */,
			);
			defaultConfigurationIsVisible = 0;
			defaultConfigurationName = Release;
		};
		EC9200CA1DCE8B22001620D7 /* Build configuration list for PBXNativeTarget "tiptopUITests" */ = {
			isa = XCConfigurationList;
			buildConfigurations = (
				EC9200CB1DCE8B22001620D7 /* Debug */,
				EC9200CC1DCE8B22001620D7 /* Release */,
			);
			defaultConfigurationIsVisible = 0;
			defaultConfigurationName = Release;
		};
/* End XCConfigurationList section */
	};
	rootObject = EC9200941DCE8B22001620D7 /* Project object */;
}
